{
  "name": "my_blog_app",
  "lockfileVersion": 3,
  "requires": true,
  "packages": {
    "": {
      "dependencies": {
        "cropperjs": "^2.0.0-rc.2"
      }
    },
    "node_modules/@cropper/element": {
      "version": "2.0.0-rc.2",
      "resolved": "https://registry.npmjs.org/@cropper/element/-/element-2.0.0-rc.2.tgz",
      "integrity": "sha512-4G6lTJblndwzpsb43YKeHiKcocOkDIWystGzbHNbqRysE0U0lYHuRyvV7FW6a9S63wtMFSYuwFxcdUdUcmkF8w==",
      "license": "MIT",
      "dependencies": {
        "@cropper/utils": "^2.0.0-rc.2"
      }
    },
    "node_modules/@cropper/element-canvas": {
      "version": "2.0.0-rc.2",
      "resolved": "https://registry.npmjs.org/@cropper/element-canvas/-/element-canvas-2.0.0-rc.2.tgz",
      "integrity": "sha512-0aqbJ3ycQM6/yn4T03vw8K/OeTB8C6+Z/jimuavy4UM2CENH9ucSLM4hAG0yYCgghIyv9Zd0unaBmtgW+I5+SQ==",
      "license": "MIT",
      "dependencies": {
        "@cropper/element": "^2.0.0-rc.2",
        "@cropper/utils": "^2.0.0-rc.2"
      }
    },
    "node_modules/@cropper/element-crosshair": {
      "version": "2.0.0-rc.2",
      "resolved": "https://registry.npmjs.org/@cropper/element-crosshair/-/element-crosshair-2.0.0-rc.2.tgz",
      "integrity": "sha512-yopINLvaZhL3E2GNienju1zeQ1Cifkn5f/0R7ZabXcAgUI0s2sLzNqL8+2XV2J3DzEzYEIYc+49KmMle04nVWQ==",
      "license": "MIT",
      "dependencies": {
        "@cropper/element": "^2.0.0-rc.2",
        "@cropper/utils": "^2.0.0-rc.2"
      }
    },
    "node_modules/@cropper/element-grid": {
      "version": "2.0.0-rc.2",
      "resolved": "https://registry.npmjs.org/@cropper/element-grid/-/element-grid-2.0.0-rc.2.tgz",
      "integrity": "sha512-PzAfEya6CmIc/o/lcA/NZ1rohszz42wjq2z3E2zq2jMfNDxY/EIoFnGI6+hJrxCAaoKD8UlKOEHQdRQbtnjcMg==",
      "license": "MIT",
      "dependencies": {
        "@cropper/element": "^2.0.0-rc.2",
        "@cropper/utils": "^2.0.0-rc.2"
      }
    },
    "node_modules/@cropper/element-handle": {
      "version": "2.0.0-rc.2",
      "resolved": "https://registry.npmjs.org/@cropper/element-handle/-/element-handle-2.0.0-rc.2.tgz",
      "integrity": "sha512-wOWX4xpryxKcrhnJC2mHebqQQ622UN2oyQoDZcaMzvlwt7nnX3bInF+SFrIj9/aCxtCUYY0oD2gaJkfd6aNJ0g==",
      "license": "MIT",
      "dependencies": {
        "@cropper/element": "^2.0.0-rc.2",
        "@cropper/utils": "^2.0.0-rc.2"
      }
    },
    "node_modules/@cropper/element-image": {
      "version": "2.0.0-rc.2",
      "resolved": "https://registry.npmjs.org/@cropper/element-image/-/element-image-2.0.0-rc.2.tgz",
      "integrity": "sha512-RTKnuJrqn1K8FscS11auit2W57AG04mxRNOxBldYs3lKTkwZjzJdQFkZ/Nxu+cwVXT+c6IeEiayNKvu4B7CAQg==",
      "license": "MIT",
      "dependencies": {
        "@cropper/element": "^2.0.0-rc.2",
        "@cropper/element-canvas": "^2.0.0-rc.2",
        "@cropper/utils": "^2.0.0-rc.2"
      }
    },
    "node_modules/@cropper/element-selection": {
      "version": "2.0.0-rc.2",
      "resolved": "https://registry.npmjs.org/@cropper/element-selection/-/element-selection-2.0.0-rc.2.tgz",
      "integrity": "sha512-UIgIHKHz4qNKlm5YRnC/Pu9+VrInm5TSOzkmU8kPt2swUk0WHNRv3ZcOjCQZ2ccTQnAH3FVM3FYDZ8HjRwLcBg==",
      "license": "MIT",
      "dependencies": {
        "@cropper/element": "^2.0.0-rc.2",
        "@cropper/element-canvas": "^2.0.0-rc.2",
        "@cropper/element-image": "^2.0.0-rc.2",
        "@cropper/utils": "^2.0.0-rc.2"
      }
    },
    "node_modules/@cropper/element-shade": {
      "version": "2.0.0-rc.2",
      "resolved": "https://registry.npmjs.org/@cropper/element-shade/-/element-shade-2.0.0-rc.2.tgz",
      "integrity": "sha512-vHAGFxlqgflGZWkRYNWNHUY0zsV72YZGmCgtUu4sMrnWLZL/jMGhxmm8zZCe/aB94F829XcQ6uf3BoiApB+7Ng==",
      "license": "MIT",
      "dependencies": {
        "@cropper/element": "^2.0.0-rc.2",
        "@cropper/element-canvas": "^2.0.0-rc.2",
        "@cropper/element-selection": "^2.0.0-rc.2",
        "@cropper/utils": "^2.0.0-rc.2"
      }
    },
    "node_modules/@cropper/element-viewer": {
      "version": "2.0.0-rc.2",
      "resolved": "https://registry.npmjs.org/@cropper/element-viewer/-/element-viewer-2.0.0-rc.2.tgz",
      "integrity": "sha512-2z9mIA7ic3enNS4xvq9Gq6hnRZ1tPr0h+lCrOHP55NL4he63lE9oTVJfDx19rL95wUS4VxL2ANvr2BVLNiBM7A==",
      "license": "MIT",
      "dependencies": {
        "@cropper/element": "^2.0.0-rc.2",
        "@cropper/element-canvas": "^2.0.0-rc.2",
        "@cropper/element-image": "^2.0.0-rc.2",
        "@cropper/element-selection": "^2.0.0-rc.2",
        "@cropper/utils": "^2.0.0-rc.2"
      }
    },
    "node_modules/@cropper/elements": {
      "version": "2.0.0-rc.2",
      "resolved": "https://registry.npmjs.org/@cropper/elements/-/elements-2.0.0-rc.2.tgz",
      "integrity": "sha512-NG5kdqpv7/tGvUfNjJiIHr2Ip431v5t/P5cIXTcYAgt8PRyFJmjx3fatC7NLnP/FUlv+bbzd8PMRI4LY4Gaw3Q==",
      "license": "MIT",
      "dependencies": {
        "@cropper/element": "^2.0.0-rc.2",
        "@cropper/element-canvas": "^2.0.0-rc.2",
        "@cropper/element-crosshair": "^2.0.0-rc.2",
        "@cropper/element-grid": "^2.0.0-rc.2",
        "@cropper/element-handle": "^2.0.0-rc.2",
        "@cropper/element-image": "^2.0.0-rc.2",
        "@cropper/element-selection": "^2.0.0-rc.2",
        "@cropper/element-shade": "^2.0.0-rc.2",
        "@cropper/element-viewer": "^2.0.0-rc.2"
      }
    },
    "node_modules/@cropper/utils": {
      "version": "2.0.0-rc.2",
      "resolved": "https://registry.npmjs.org/@cropper/utils/-/utils-2.0.0-rc.2.tgz",
      "integrity": "sha512-EEivNsyV6BtL496m4Q/IeAC6FGlyKjKIT1qMtwaxtkR+2ZlKnf9O7AdcGpClemIBA+TbwWAzp0UyIvYFtKUZ1Q==",
      "license": "MIT"
    },
    "node_modules/cropperjs": {
      "version": "2.0.0-rc.2",
      "resolved": "https://registry.npmjs.org/cropperjs/-/cropperjs-2.0.0-rc.2.tgz",
      "integrity": "sha512-BTuz+UeZphGOEnBCuQiNT4rk1uFfKJaKmTgoH9XU7Q8IMkLdodW7YPWINmXJXwWMt1nXiKze5qKADVbz9xtVFg==",
      "license": "MIT",
      "dependencies": {
        "@cropper/elements": "^2.0.0-rc.2",
        "@cropper/utils": "^2.0.0-rc.2"
      }
    }
  }
}
  